
Microsoft Visual Studio Solution File, Format Version 12.00
# Visual Studio Version 16
VisualStudioVersion = 16.0.30225.117
MinimumVisualStudioVersion = 10.0.40219.1
Project("{FAE04EC0-301F-11D3-BF4B-00C04F79EFBC}") = "SoundScheduler", "SoundScheduler.csproj", "{67DA3610-9559-4AE9-A77C-9C5E8C27E331}"
EndProject
Global
	GlobalSection(SolutionConfigurationPlatforms) = preSolution
		Debug|Any CPU = Debug|Any CPU
		Release|Any CPU = Release|Any CPU
	EndGlobalSection
	GlobalSection(ProjectConfigurationPlatforms) = postSolution
		{67DA3610-9559-4AE9-A77C-9C5E8C27E331}.Debug|Any CPU.ActiveCfg = Debug|Any CPU
		{67DA3610-9559-4AE9-A77C-9C5E8C27E331}.Debug|Any CPU.Build.0 = Debug|Any CPU
		{67DA3610-9559-4AE9-A77C-9C5E8C27E331}.Release|Any CPU.ActiveCfg = Release|Any CPU
		{67DA3610-9559-4AE9-A77C-9C5E8C27E331}.Release|Any CPU.Build.0 = Release|Any CPU
	EndGlobalSection
	GlobalSection(SolutionProperties) = preSolution
		HideSolutionNode = FALSE
	EndGlobalSection
	GlobalSection(ExtensibilityGlobals) = postSolution
		SolutionGuid = {77E4D824-D7EF-4955-82B9-A3947758CE32}
	EndGlobalSection
EndGlobal
